
Microsoft Visual Studio Solution File, Format Version 12.00
# Visual Studio Version 16
VisualStudioVersion = 16.0.29613.14
MinimumVisualStudioVersion = 10.0.40219.1
Project("{9092AA53-FB77-4645-B42D-1CCCA6BD08BD}") = "Mineweb API", "Mineweb API.njsproj", "{1C713CCA-40D0-409D-9B05-870D88827690}"
EndProject
Global
	GlobalSection(SolutionConfigurationPlatforms) = preSolution
		Debug|Any CPU = Debug|Any CPU
		Release|Any CPU = Release|Any CPU
	EndGlobalSection
	GlobalSection(ProjectConfigurationPlatforms) = postSolution
		{1C713CCA-40D0-409D-9B05-870D88827690}.Debug|Any CPU.ActiveCfg = Debug|Any CPU
		{1C713CCA-40D0-409D-9B05-870D88827690}.Debug|Any CPU.Build.0 = Debug|Any CPU
		{1C713CCA-40D0-409D-9B05-870D88827690}.Release|Any CPU.ActiveCfg = Release|Any CPU
		{1C713CCA-40D0-409D-9B05-870D88827690}.Release|Any CPU.Build.0 = Release|Any CPU
	EndGlobalSection
	GlobalSection(SolutionProperties) = preSolution
		HideSolutionNode = FALSE
	EndGlobalSection
	GlobalSection(ExtensibilityGlobals) = postSolution
		SolutionGuid = {17F6DBAF-C54F-44C8-998E-E285094930F0}
	EndGlobalSection
EndGlobal
